
Microsoft Visual Studio Solution File, Format Version 12.00
# Visual Studio Version 16
VisualStudioVersion = 16.0.30225.117
MinimumVisualStudioVersion = 10.0.40219.1
Project("{FAE04EC0-301F-11D3-BF4B-00C04F79EFBC}") = "TimeBox", "TimeBox.csproj", "{5FB1B929-4D07-4347-9880-1E2B5898DC02}"
EndProject
Global
	GlobalSection(SolutionConfigurationPlatforms) = preSolution
		Debug|Any CPU = Debug|Any CPU
		Release|Any CPU = Release|Any CPU
	EndGlobalSection
	GlobalSection(ProjectConfigurationPlatforms) = postSolution
		{5FB1B929-4D07-4347-9880-1E2B5898DC02}.Debug|Any CPU.ActiveCfg = Debug|Any CPU
		{5FB1B929-4D07-4347-9880-1E2B5898DC02}.Debug|Any CPU.Build.0 = Debug|Any CPU
		{5FB1B929-4D07-4347-9880-1E2B5898DC02}.Release|Any CPU.ActiveCfg = Release|Any CPU
		{5FB1B929-4D07-4347-9880-1E2B5898DC02}.Release|Any CPU.Build.0 = Release|Any CPU
	EndGlobalSection
	GlobalSection(SolutionProperties) = preSolution
		HideSolutionNode = FALSE
	EndGlobalSection
	GlobalSection(ExtensibilityGlobals) = postSolution
		SolutionGuid = {6E1F5FF7-F4CB-4E95-BEBF-48C2DFD585F0}
	EndGlobalSection
EndGlobal
